
Microsoft Visual Studio Solution File, Format Version 12.00
# Visual Studio Version 17
VisualStudioVersion = 17.9.34728.123
MinimumVisualStudioVersion = 10.0.40219.1
Project("{FAE04EC0-301F-11D3-BF4B-00C04F79EFBC}") = "BestStoreMVC", "BestStoreMVC\BestStoreMVC.csproj", "{134380FD-1D72-46E1-AFFE-B680D1436539}"
EndProject
Global
	GlobalSection(SolutionConfigurationPlatforms) = preSolution
		Debug|Any CPU = Debug|Any CPU
		Release|Any CPU = Release|Any CPU
	EndGlobalSection
	GlobalSection(ProjectConfigurationPlatforms) = postSolution
		{134380FD-1D72-46E1-AFFE-B680D1436539}.Debug|Any CPU.ActiveCfg = Debug|Any CPU
		{134380FD-1D72-46E1-AFFE-B680D1436539}.Debug|Any CPU.Build.0 = Debug|Any CPU
		{134380FD-1D72-46E1-AFFE-B680D1436539}.Release|Any CPU.ActiveCfg = Release|Any CPU
		{134380FD-1D72-46E1-AFFE-B680D1436539}.Release|Any CPU.Build.0 = Release|Any CPU
	EndGlobalSection
	GlobalSection(SolutionProperties) = preSolution
		HideSolutionNode = FALSE
	EndGlobalSection
	GlobalSection(ExtensibilityGlobals) = postSolution
		SolutionGuid = {B404BE53-85D4-4910-852C-C3E2CD988897}
	EndGlobalSection
EndGlobal
